
Microsoft Visual Studio Solution File, Format Version 12.00
# Visual Studio Version 16
VisualStudioVersion = 16.0.31624.102
MinimumVisualStudioVersion = 10.0.40219.1
Project("{FAE04EC0-301F-11D3-BF4B-00C04F79EFBC}") = "Lab_2", "Lab_2\Lab_2.csproj", "{F8C14147-BBB0-4612-8CCB-25E15507A7FB}"
EndProject
Global
	GlobalSection(SolutionConfigurationPlatforms) = preSolution
		Debug|Any CPU = Debug|Any CPU
		Release|Any CPU = Release|Any CPU
	EndGlobalSection
	GlobalSection(ProjectConfigurationPlatforms) = postSolution
		{F8C14147-BBB0-4612-8CCB-25E15507A7FB}.Debug|Any CPU.ActiveCfg = Debug|Any CPU
		{F8C14147-BBB0-4612-8CCB-25E15507A7FB}.Debug|Any CPU.Build.0 = Debug|Any CPU
		{F8C14147-BBB0-4612-8CCB-25E15507A7FB}.Release|Any CPU.ActiveCfg = Release|Any CPU
		{F8C14147-BBB0-4612-8CCB-25E15507A7FB}.Release|Any CPU.Build.0 = Release|Any CPU
	EndGlobalSection
	GlobalSection(SolutionProperties) = preSolution
		HideSolutionNode = FALSE
	EndGlobalSection
	GlobalSection(ExtensibilityGlobals) = postSolution
		SolutionGuid = {5B887EA4-75D5-47E0-9C21-321EBDA63BF7}
	EndGlobalSection
EndGlobal
